
Microsoft Visual Studio Solution File, Format Version 12.00
# Visual Studio 2013
VisualStudioVersion = 12.0.31101.0
MinimumVisualStudioVersion = 10.0.40219.1
Project("{2150E333-8FDC-42A3-9474-1A3956D46DE8}") = ".nuget", ".nuget", "{C65C7EAD-055E-4D2B-A553-ED35BCA4DE34}"
	ProjectSection(SolutionItems) = preProject
		.nuget\NuGet.Config = .nuget\NuGet.Config
		.nuget\NuGet.exe = .nuget\NuGet.exe
		.nuget\NuGet.targets = .nuget\NuGet.targets
	EndProjectSection
EndProject
Project("{FAE04EC0-301F-11D3-BF4B-00C04F79EFBC}") = "DataLayer.Repository", "DataLayer\DataLayer.Repository.csproj", "{3A257008-C6AD-4847-BC87-5862F6FF8114}"
EndProject
Project("{FAE04EC0-301F-11D3-BF4B-00C04F79EFBC}") = "ServiceLayer", "ServiceLayer\ServiceLayer.csproj", "{47285FC7-3A39-41DB-A30C-BBB386F37636}"
EndProject
Project("{FAE04EC0-301F-11D3-BF4B-00C04F79EFBC}") = "DataLayer.Model", "DataLayer.Model\DataLayer.Model.csproj", "{91362D3D-E30F-4294-9726-E3BCABE49CF9}"
EndProject
Project("{FAE04EC0-301F-11D3-BF4B-00C04F79EFBC}") = "DataLayer.Context", "DataLayer.Context\DataLayer.Context.csproj", "{57974FC9-6EE7-4DF8-939A-62F84C9DA13D}"
EndProject
Project("{FAE04EC0-301F-11D3-BF4B-00C04F79EFBC}") = "WebSite", "WebSite\WebSite.csproj", "{18CEBC88-A40B-4121-9F38-8F02DC4FDB3F}"
EndProject
Project("{FAE04EC0-301F-11D3-BF4B-00C04F79EFBC}") = "DataLayer.Context.UnitTests.Data", "DataLayer.Context.UnitTests.Data\DataLayer.Context.UnitTests.Data.csproj", "{2BAEA659-8CF9-4C26-BE8C-AEA7A03EDDE6}"
EndProject
Project("{FAE04EC0-301F-11D3-BF4B-00C04F79EFBC}") = "DataLayer.Repository.UnitTests", "DataLayer.Repository.UnitTests\DataLayer.Repository.UnitTests.csproj", "{CF757763-8C43-4423-99B6-17987DB94C20}"
EndProject
Project("{FAE04EC0-301F-11D3-BF4B-00C04F79EFBC}") = "ServiceLayer.UnitTests", "Service.UnitTests\ServiceLayer.UnitTests.csproj", "{C970EB0A-8985-48D6-A453-F955C6F00FD9}"
EndProject
Project("{FAE04EC0-301F-11D3-BF4B-00C04F79EFBC}") = "WebAPI.UnitTests", "WebAPI.UnitTests\WebAPI.UnitTests.csproj", "{8113D343-7A89-4EE6-B024-6C128B78380B}"
EndProject
Project("{FAE04EC0-301F-11D3-BF4B-00C04F79EFBC}") = "xxx", "xxx\xxx.csproj", "{2835FDBA-96BA-4D5C-850D-A909BB12F4E3}"
EndProject
Project("{FAE04EC0-301F-11D3-BF4B-00C04F79EFBC}") = "Boiler", "Boiler\Boiler.csproj", "{E107BBBD-CAB3-4B09-9A48-8437775786A8}"
EndProject
Project("{FAE04EC0-301F-11D3-BF4B-00C04F79EFBC}") = "WebAPI", "WebAPI\WebAPI.csproj", "{797B3A56-8C40-497B-9D85-65C68F3B47D3}"
EndProject
Global
	GlobalSection(SolutionConfigurationPlatforms) = preSolution
		Debug|Any CPU = Debug|Any CPU
		Debug|Mixed Platforms = Debug|Mixed Platforms
		Debug|x86 = Debug|x86
		Development_dmin|Any CPU = Development_dmin|Any CPU
		Development_dmin|Mixed Platforms = Development_dmin|Mixed Platforms
		Development_dmin|x86 = Development_dmin|x86
		Development|Any CPU = Development|Any CPU
		Development|Mixed Platforms = Development|Mixed Platforms
		Development|x86 = Development|x86
		Production|Any CPU = Production|Any CPU
		Production|Mixed Platforms = Production|Mixed Platforms
		Production|x86 = Production|x86
		Release|Any CPU = Release|Any CPU
		Release|Mixed Platforms = Release|Mixed Platforms
		Release|x86 = Release|x86
		Staging|Any CPU = Staging|Any CPU
		Staging|Mixed Platforms = Staging|Mixed Platforms
		Staging|x86 = Staging|x86
	EndGlobalSection
	GlobalSection(ProjectConfigurationPlatforms) = postSolution
		{3A257008-C6AD-4847-BC87-5862F6FF8114}.Debug|Any CPU.ActiveCfg = Debug|Any CPU
		{3A257008-C6AD-4847-BC87-5862F6FF8114}.Debug|Any CPU.Build.0 = Debug|Any CPU
		{3A257008-C6AD-4847-BC87-5862F6FF8114}.Debug|Mixed Platforms.ActiveCfg = Debug|Any CPU
		{3A257008-C6AD-4847-BC87-5862F6FF8114}.Debug|Mixed Platforms.Build.0 = Debug|Any CPU
		{3A257008-C6AD-4847-BC87-5862F6FF8114}.Debug|x86.ActiveCfg = Debug|Any CPU
		{3A257008-C6AD-4847-BC87-5862F6FF8114}.Development_dmin|Any CPU.ActiveCfg = Development_dmin|Any CPU
		{3A257008-C6AD-4847-BC87-5862F6FF8114}.Development_dmin|Any CPU.Build.0 = Development_dmin|Any CPU
		{3A257008-C6AD-4847-BC87-5862F6FF8114}.Development_dmin|Mixed Platforms.ActiveCfg = Development_dmin|Any CPU
		{3A257008-C6AD-4847-BC87-5862F6FF8114}.Development_dmin|Mixed Platforms.Build.0 = Development_dmin|Any CPU
		{3A257008-C6AD-4847-BC87-5862F6FF8114}.Development_dmin|x86.ActiveCfg = Development_dmin|Any CPU
		{3A257008-C6AD-4847-BC87-5862F6FF8114}.Development|Any CPU.ActiveCfg = Development|Any CPU
		{3A257008-C6AD-4847-BC87-5862F6FF8114}.Development|Any CPU.Build.0 = Development|Any CPU
		{3A257008-C6AD-4847-BC87-5862F6FF8114}.Development|Mixed Platforms.ActiveCfg = Development|Any CPU
		{3A257008-C6AD-4847-BC87-5862F6FF8114}.Development|Mixed Platforms.Build.0 = Development|Any CPU
		{3A257008-C6AD-4847-BC87-5862F6FF8114}.Development|x86.ActiveCfg = Development|Any CPU
		{3A257008-C6AD-4847-BC87-5862F6FF8114}.Production|Any CPU.ActiveCfg = Production|Any CPU
		{3A257008-C6AD-4847-BC87-5862F6FF8114}.Production|Any CPU.Build.0 = Production|Any CPU
		{3A257008-C6AD-4847-BC87-5862F6FF8114}.Production|Mixed Platforms.ActiveCfg = Production|Any CPU
		{3A257008-C6AD-4847-BC87-5862F6FF8114}.Production|Mixed Platforms.Build.0 = Production|Any CPU
		{3A257008-C6AD-4847-BC87-5862F6FF8114}.Production|x86.ActiveCfg = Production|Any CPU
		{3A257008-C6AD-4847-BC87-5862F6FF8114}.Release|Any CPU.ActiveCfg = Release|Any CPU
		{3A257008-C6AD-4847-BC87-5862F6FF8114}.Release|Any CPU.Build.0 = Release|Any CPU
		{3A257008-C6AD-4847-BC87-5862F6FF8114}.Release|Mixed Platforms.ActiveCfg = Release|Any CPU
		{3A257008-C6AD-4847-BC87-5862F6FF8114}.Release|Mixed Platforms.Build.0 = Release|Any CPU
		{3A257008-C6AD-4847-BC87-5862F6FF8114}.Release|x86.ActiveCfg = Release|Any CPU
		{3A257008-C6AD-4847-BC87-5862F6FF8114}.Staging|Any CPU.ActiveCfg = Staging|Any CPU
		{3A257008-C6AD-4847-BC87-5862F6FF8114}.Staging|Any CPU.Build.0 = Staging|Any CPU
		{3A257008-C6AD-4847-BC87-5862F6FF8114}.Staging|Mixed Platforms.ActiveCfg = Staging|Any CPU
		{3A257008-C6AD-4847-BC87-5862F6FF8114}.Staging|Mixed Platforms.Build.0 = Staging|Any CPU
		{3A257008-C6AD-4847-BC87-5862F6FF8114}.Staging|x86.ActiveCfg = Staging|Any CPU
		{47285FC7-3A39-41DB-A30C-BBB386F37636}.Debug|Any CPU.ActiveCfg = Debug|Any CPU
		{47285FC7-3A39-41DB-A30C-BBB386F37636}.Debug|Any CPU.Build.0 = Debug|Any CPU
		{47285FC7-3A39-41DB-A30C-BBB386F37636}.Debug|Mixed Platforms.ActiveCfg = Debug|Any CPU
		{47285FC7-3A39-41DB-A30C-BBB386F37636}.Debug|Mixed Platforms.Build.0 = Debug|Any CPU
		{47285FC7-3A39-41DB-A30C-BBB386F37636}.Debug|x86.ActiveCfg = Debug|Any CPU
		{47285FC7-3A39-41DB-A30C-BBB386F37636}.Development_dmin|Any CPU.ActiveCfg = Debug|Any CPU
		{47285FC7-3A39-41DB-A30C-BBB386F37636}.Development_dmin|Any CPU.Build.0 = Debug|Any CPU
		{47285FC7-3A39-41DB-A30C-BBB386F37636}.Development_dmin|Mixed Platforms.ActiveCfg = Debug|Any CPU
		{47285FC7-3A39-41DB-A30C-BBB386F37636}.Development_dmin|Mixed Platforms.Build.0 = Debug|Any CPU
		{47285FC7-3A39-41DB-A30C-BBB386F37636}.Development_dmin|x86.ActiveCfg = Debug|Any CPU
		{47285FC7-3A39-41DB-A30C-BBB386F37636}.Development|Any CPU.ActiveCfg = Debug|Any CPU
		{47285FC7-3A39-41DB-A30C-BBB386F37636}.Development|Any CPU.Build.0 = Debug|Any CPU
		{47285FC7-3A39-41DB-A30C-BBB386F37636}.Development|Mixed Platforms.ActiveCfg = Debug|Any CPU
		{47285FC7-3A39-41DB-A30C-BBB386F37636}.Development|Mixed Platforms.Build.0 = Debug|Any CPU
		{47285FC7-3A39-41DB-A30C-BBB386F37636}.Development|x86.ActiveCfg = Debug|Any CPU
		{47285FC7-3A39-41DB-A30C-BBB386F37636}.Production|Any CPU.ActiveCfg = Release|Any CPU
		{47285FC7-3A39-41DB-A30C-BBB386F37636}.Production|Any CPU.Build.0 = Release|Any CPU
		{47285FC7-3A39-41DB-A30C-BBB386F37636}.Production|Mixed Platforms.ActiveCfg = Release|Any CPU
		{47285FC7-3A39-41DB-A30C-BBB386F37636}.Production|Mixed Platforms.Build.0 = Release|Any CPU
		{47285FC7-3A39-41DB-A30C-BBB386F37636}.Production|x86.ActiveCfg = Release|Any CPU
		{47285FC7-3A39-41DB-A30C-BBB386F37636}.Release|Any CPU.ActiveCfg = Release|Any CPU
		{47285FC7-3A39-41DB-A30C-BBB386F37636}.Release|Any CPU.Build.0 = Release|Any CPU
		{47285FC7-3A39-41DB-A30C-BBB386F37636}.Release|Mixed Platforms.ActiveCfg = Release|Any CPU
		{47285FC7-3A39-41DB-A30C-BBB386F37636}.Release|Mixed Platforms.Build.0 = Release|Any CPU
		{47285FC7-3A39-41DB-A30C-BBB386F37636}.Release|x86.ActiveCfg = Release|Any CPU
		{47285FC7-3A39-41DB-A30C-BBB386F37636}.Staging|Any CPU.ActiveCfg = Release|Any CPU
		{47285FC7-3A39-41DB-A30C-BBB386F37636}.Staging|Any CPU.Build.0 = Release|Any CPU
		{47285FC7-3A39-41DB-A30C-BBB386F37636}.Staging|Mixed Platforms.ActiveCfg = Release|Any CPU
		{47285FC7-3A39-41DB-A30C-BBB386F37636}.Staging|Mixed Platforms.Build.0 = Release|Any CPU
		{47285FC7-3A39-41DB-A30C-BBB386F37636}.Staging|x86.ActiveCfg = Release|Any CPU
		{91362D3D-E30F-4294-9726-E3BCABE49CF9}.Debug|Any CPU.ActiveCfg = Debug|Any CPU
		{91362D3D-E30F-4294-9726-E3BCABE49CF9}.Debug|Any CPU.Build.0 = Debug|Any CPU
		{91362D3D-E30F-4294-9726-E3BCABE49CF9}.Debug|Mixed Platforms.ActiveCfg = Debug|Any CPU
		{91362D3D-E30F-4294-9726-E3BCABE49CF9}.Debug|Mixed Platforms.Build.0 = Debug|Any CPU
		{91362D3D-E30F-4294-9726-E3BCABE49CF9}.Debug|x86.ActiveCfg = Debug|Any CPU
		{91362D3D-E30F-4294-9726-E3BCABE49CF9}.Development_dmin|Any CPU.ActiveCfg = Development_dmin|Any CPU
		{91362D3D-E30F-4294-9726-E3BCABE49CF9}.Development_dmin|Any CPU.Build.0 = Development_dmin|Any CPU
		{91362D3D-E30F-4294-9726-E3BCABE49CF9}.Development_dmin|Mixed Platforms.ActiveCfg = Development_dmin|Any CPU
		{91362D3D-E30F-4294-9726-E3BCABE49CF9}.Development_dmin|Mixed Platforms.Build.0 = Development_dmin|Any CPU
		{91362D3D-E30F-4294-9726-E3BCABE49CF9}.Development_dmin|x86.ActiveCfg = Development_dmin|Any CPU
		{91362D3D-E30F-4294-9726-E3BCABE49CF9}.Development|Any CPU.ActiveCfg = Development|Any CPU
		{91362D3D-E30F-4294-9726-E3BCABE49CF9}.Development|Any CPU.Build.0 = Development|Any CPU
		{91362D3D-E30F-4294-9726-E3BCABE49CF9}.Development|Mixed Platforms.ActiveCfg = Development|Any CPU
		{91362D3D-E30F-4294-9726-E3BCABE49CF9}.Development|Mixed Platforms.Build.0 = Development|Any CPU
		{91362D3D-E30F-4294-9726-E3BCABE49CF9}.Development|x86.ActiveCfg = Development|Any CPU
		{91362D3D-E30F-4294-9726-E3BCABE49CF9}.Production|Any CPU.ActiveCfg = Production|Any CPU
		{91362D3D-E30F-4294-9726-E3BCABE49CF9}.Production|Any CPU.Build.0 = Production|Any CPU
		{91362D3D-E30F-4294-9726-E3BCABE49CF9}.Production|Mixed Platforms.ActiveCfg = Production|Any CPU
		{91362D3D-E30F-4294-9726-E3BCABE49CF9}.Production|Mixed Platforms.Build.0 = Production|Any CPU
		{91362D3D-E30F-4294-9726-E3BCABE49CF9}.Production|x86.ActiveCfg = Production|Any CPU
		{91362D3D-E30F-4294-9726-E3BCABE49CF9}.Release|Any CPU.ActiveCfg = Release|Any CPU
		{91362D3D-E30F-4294-9726-E3BCABE49CF9}.Release|Any CPU.Build.0 = Release|Any CPU
		{91362D3D-E30F-4294-9726-E3BCABE49CF9}.Release|Mixed Platforms.ActiveCfg = Release|Any CPU
		{91362D3D-E30F-4294-9726-E3BCABE49CF9}.Release|Mixed Platforms.Build.0 = Release|Any CPU
		{91362D3D-E30F-4294-9726-E3BCABE49CF9}.Release|x86.ActiveCfg = Release|Any CPU
		{91362D3D-E30F-4294-9726-E3BCABE49CF9}.Staging|Any CPU.ActiveCfg = Staging|Any CPU
		{91362D3D-E30F-4294-9726-E3BCABE49CF9}.Staging|Any CPU.Build.0 = Staging|Any CPU
		{91362D3D-E30F-4294-9726-E3BCABE49CF9}.Staging|Mixed Platforms.ActiveCfg = Staging|Any CPU
		{91362D3D-E30F-4294-9726-E3BCABE49CF9}.Staging|Mixed Platforms.Build.0 = Staging|Any CPU
		{91362D3D-E30F-4294-9726-E3BCABE49CF9}.Staging|x86.ActiveCfg = Staging|Any CPU
		{57974FC9-6EE7-4DF8-939A-62F84C9DA13D}.Debug|Any CPU.ActiveCfg = Debug|Any CPU
		{57974FC9-6EE7-4DF8-939A-62F84C9DA13D}.Debug|Any CPU.Build.0 = Debug|Any CPU
		{57974FC9-6EE7-4DF8-939A-62F84C9DA13D}.Debug|Mixed Platforms.ActiveCfg = Debug|Any CPU
		{57974FC9-6EE7-4DF8-939A-62F84C9DA13D}.Debug|Mixed Platforms.Build.0 = Debug|Any CPU
		{57974FC9-6EE7-4DF8-939A-62F84C9DA13D}.Debug|x86.ActiveCfg = Debug|Any CPU
		{57974FC9-6EE7-4DF8-939A-62F84C9DA13D}.Development_dmin|Any CPU.ActiveCfg = Development_dmin|Any CPU
		{57974FC9-6EE7-4DF8-939A-62F84C9DA13D}.Development_dmin|Any CPU.Build.0 = Development_dmin|Any CPU
		{57974FC9-6EE7-4DF8-939A-62F84C9DA13D}.Development_dmin|Mixed Platforms.ActiveCfg = Development_dmin|Any CPU
		{57974FC9-6EE7-4DF8-939A-62F84C9DA13D}.Development_dmin|Mixed Platforms.Build.0 = Development_dmin|Any CPU
		{57974FC9-6EE7-4DF8-939A-62F84C9DA13D}.Development_dmin|x86.ActiveCfg = Development_dmin|Any CPU
		{57974FC9-6EE7-4DF8-939A-62F84C9DA13D}.Development|Any CPU.ActiveCfg = Development|Any CPU
		{57974FC9-6EE7-4DF8-939A-62F84C9DA13D}.Development|Any CPU.Build.0 = Development|Any CPU
		{57974FC9-6EE7-4DF8-939A-62F84C9DA13D}.Development|Mixed Platforms.ActiveCfg = Development|Any CPU
		{57974FC9-6EE7-4DF8-939A-62F84C9DA13D}.Development|Mixed Platforms.Build.0 = Development|Any CPU
		{57974FC9-6EE7-4DF8-939A-62F84C9DA13D}.Development|x86.ActiveCfg = Development|Any CPU
		{57974FC9-6EE7-4DF8-939A-62F84C9DA13D}.Production|Any CPU.ActiveCfg = Production|Any CPU
		{57974FC9-6EE7-4DF8-939A-62F84C9DA13D}.Production|Any CPU.Build.0 = Production|Any CPU
		{57974FC9-6EE7-4DF8-939A-62F84C9DA13D}.Production|Mixed Platforms.ActiveCfg = Production|Any CPU
		{57974FC9-6EE7-4DF8-939A-62F84C9DA13D}.Production|Mixed Platforms.Build.0 = Production|Any CPU
		{57974FC9-6EE7-4DF8-939A-62F84C9DA13D}.Production|x86.ActiveCfg = Production|Any CPU
		{57974FC9-6EE7-4DF8-939A-62F84C9DA13D}.Release|Any CPU.ActiveCfg = Release|Any CPU
		{57974FC9-6EE7-4DF8-939A-62F84C9DA13D}.Release|Any CPU.Build.0 = Release|Any CPU
		{57974FC9-6EE7-4DF8-939A-62F84C9DA13D}.Release|Mixed Platforms.ActiveCfg = Release|Any CPU
		{57974FC9-6EE7-4DF8-939A-62F84C9DA13D}.Release|Mixed Platforms.Build.0 = Release|Any CPU
		{57974FC9-6EE7-4DF8-939A-62F84C9DA13D}.Release|x86.ActiveCfg = Release|Any CPU
		{57974FC9-6EE7-4DF8-939A-62F84C9DA13D}.Staging|Any CPU.ActiveCfg = Staging|Any CPU
		{57974FC9-6EE7-4DF8-939A-62F84C9DA13D}.Staging|Any CPU.Build.0 = Staging|Any CPU
		{57974FC9-6EE7-4DF8-939A-62F84C9DA13D}.Staging|Mixed Platforms.ActiveCfg = Staging|Any CPU
		{57974FC9-6EE7-4DF8-939A-62F84C9DA13D}.Staging|Mixed Platforms.Build.0 = Staging|Any CPU
		{57974FC9-6EE7-4DF8-939A-62F84C9DA13D}.Staging|x86.ActiveCfg = Staging|Any CPU
		{18CEBC88-A40B-4121-9F38-8F02DC4FDB3F}.Debug|Any CPU.ActiveCfg = Debug|Any CPU
		{18CEBC88-A40B-4121-9F38-8F02DC4FDB3F}.Debug|Any CPU.Build.0 = Debug|Any CPU
		{18CEBC88-A40B-4121-9F38-8F02DC4FDB3F}.Debug|Mixed Platforms.ActiveCfg = Debug|Any CPU
		{18CEBC88-A40B-4121-9F38-8F02DC4FDB3F}.Debug|Mixed Platforms.Build.0 = Debug|Any CPU
		{18CEBC88-A40B-4121-9F38-8F02DC4FDB3F}.Debug|x86.ActiveCfg = Debug|Any CPU
		{18CEBC88-A40B-4121-9F38-8F02DC4FDB3F}.Development_dmin|Any CPU.ActiveCfg = Debug|Any CPU
		{18CEBC88-A40B-4121-9F38-8F02DC4FDB3F}.Development_dmin|Any CPU.Build.0 = Debug|Any CPU
		{18CEBC88-A40B-4121-9F38-8F02DC4FDB3F}.Development_dmin|Mixed Platforms.ActiveCfg = Debug|Any CPU
		{18CEBC88-A40B-4121-9F38-8F02DC4FDB3F}.Development_dmin|Mixed Platforms.Build.0 = Debug|Any CPU
		{18CEBC88-A40B-4121-9F38-8F02DC4FDB3F}.Development_dmin|x86.ActiveCfg = Debug|Any CPU
		{18CEBC88-A40B-4121-9F38-8F02DC4FDB3F}.Development|Any CPU.ActiveCfg = Debug|Any CPU
		{18CEBC88-A40B-4121-9F38-8F02DC4FDB3F}.Development|Any CPU.Build.0 = Debug|Any CPU
		{18CEBC88-A40B-4121-9F38-8F02DC4FDB3F}.Development|Mixed Platforms.ActiveCfg = Debug|Any CPU
		{18CEBC88-A40B-4121-9F38-8F02DC4FDB3F}.Development|Mixed Platforms.Build.0 = Debug|Any CPU
		{18CEBC88-A40B-4121-9F38-8F02DC4FDB3F}.Development|x86.ActiveCfg = Debug|Any CPU
		{18CEBC88-A40B-4121-9F38-8F02DC4FDB3F}.Production|Any CPU.ActiveCfg = Release|Any CPU
		{18CEBC88-A40B-4121-9F38-8F02DC4FDB3F}.Production|Any CPU.Build.0 = Release|Any CPU
		{18CEBC88-A40B-4121-9F38-8F02DC4FDB3F}.Production|Mixed Platforms.ActiveCfg = Release|Any CPU
		{18CEBC88-A40B-4121-9F38-8F02DC4FDB3F}.Production|Mixed Platforms.Build.0 = Release|Any CPU
		{18CEBC88-A40B-4121-9F38-8F02DC4FDB3F}.Production|x86.ActiveCfg = Release|Any CPU
		{18CEBC88-A40B-4121-9F38-8F02DC4FDB3F}.Release|Any CPU.ActiveCfg = Release|Any CPU
		{18CEBC88-A40B-4121-9F38-8F02DC4FDB3F}.Release|Any CPU.Build.0 = Release|Any CPU
		{18CEBC88-A40B-4121-9F38-8F02DC4FDB3F}.Release|Mixed Platforms.ActiveCfg = Release|Any CPU
		{18CEBC88-A40B-4121-9F38-8F02DC4FDB3F}.Release|Mixed Platforms.Build.0 = Release|Any CPU
		{18CEBC88-A40B-4121-9F38-8F02DC4FDB3F}.Release|x86.ActiveCfg = Release|Any CPU
		{18CEBC88-A40B-4121-9F38-8F02DC4FDB3F}.Staging|Any CPU.ActiveCfg = Release|Any CPU
		{18CEBC88-A40B-4121-9F38-8F02DC4FDB3F}.Staging|Any CPU.Build.0 = Release|Any CPU
		{18CEBC88-A40B-4121-9F38-8F02DC4FDB3F}.Staging|Mixed Platforms.ActiveCfg = Release|Any CPU
		{18CEBC88-A40B-4121-9F38-8F02DC4FDB3F}.Staging|Mixed Platforms.Build.0 = Release|Any CPU
		{18CEBC88-A40B-4121-9F38-8F02DC4FDB3F}.Staging|x86.ActiveCfg = Release|Any CPU
		{2BAEA659-8CF9-4C26-BE8C-AEA7A03EDDE6}.Debug|Any CPU.ActiveCfg = Debug|x86
		{2BAEA659-8CF9-4C26-BE8C-AEA7A03EDDE6}.Debug|Mixed Platforms.ActiveCfg = Debug|x86
		{2BAEA659-8CF9-4C26-BE8C-AEA7A03EDDE6}.Debug|Mixed Platforms.Build.0 = Debug|x86
		{2BAEA659-8CF9-4C26-BE8C-AEA7A03EDDE6}.Debug|x86.ActiveCfg = Debug|x86
		{2BAEA659-8CF9-4C26-BE8C-AEA7A03EDDE6}.Debug|x86.Build.0 = Debug|x86
		{2BAEA659-8CF9-4C26-BE8C-AEA7A03EDDE6}.Development_dmin|Any CPU.ActiveCfg = Development_dmin|x86
		{2BAEA659-8CF9-4C26-BE8C-AEA7A03EDDE6}.Development_dmin|Mixed Platforms.ActiveCfg = Development_dmin|x86
		{2BAEA659-8CF9-4C26-BE8C-AEA7A03EDDE6}.Development_dmin|Mixed Platforms.Build.0 = Development_dmin|x86
		{2BAEA659-8CF9-4C26-BE8C-AEA7A03EDDE6}.Development_dmin|x86.ActiveCfg = Development_dmin|x86
		{2BAEA659-8CF9-4C26-BE8C-AEA7A03EDDE6}.Development_dmin|x86.Build.0 = Development_dmin|x86
		{2BAEA659-8CF9-4C26-BE8C-AEA7A03EDDE6}.Development|Any CPU.ActiveCfg = Development|x86
		{2BAEA659-8CF9-4C26-BE8C-AEA7A03EDDE6}.Development|Mixed Platforms.ActiveCfg = Development|x86
		{2BAEA659-8CF9-4C26-BE8C-AEA7A03EDDE6}.Development|Mixed Platforms.Build.0 = Development|x86
		{2BAEA659-8CF9-4C26-BE8C-AEA7A03EDDE6}.Development|x86.ActiveCfg = Development|x86
		{2BAEA659-8CF9-4C26-BE8C-AEA7A03EDDE6}.Development|x86.Build.0 = Development|x86
		{2BAEA659-8CF9-4C26-BE8C-AEA7A03EDDE6}.Production|Any CPU.ActiveCfg = Production|x86
		{2BAEA659-8CF9-4C26-BE8C-AEA7A03EDDE6}.Production|Mixed Platforms.ActiveCfg = Production|x86
		{2BAEA659-8CF9-4C26-BE8C-AEA7A03EDDE6}.Production|Mixed Platforms.Build.0 = Production|x86
		{2BAEA659-8CF9-4C26-BE8C-AEA7A03EDDE6}.Production|x86.ActiveCfg = Production|x86
		{2BAEA659-8CF9-4C26-BE8C-AEA7A03EDDE6}.Production|x86.Build.0 = Production|x86
		{2BAEA659-8CF9-4C26-BE8C-AEA7A03EDDE6}.Release|Any CPU.ActiveCfg = Release|x86
		{2BAEA659-8CF9-4C26-BE8C-AEA7A03EDDE6}.Release|Mixed Platforms.ActiveCfg = Release|x86
		{2BAEA659-8CF9-4C26-BE8C-AEA7A03EDDE6}.Release|Mixed Platforms.Build.0 = Release|x86
		{2BAEA659-8CF9-4C26-BE8C-AEA7A03EDDE6}.Release|x86.ActiveCfg = Release|x86
		{2BAEA659-8CF9-4C26-BE8C-AEA7A03EDDE6}.Release|x86.Build.0 = Release|x86
		{2BAEA659-8CF9-4C26-BE8C-AEA7A03EDDE6}.Staging|Any CPU.ActiveCfg = Staging|x86
		{2BAEA659-8CF9-4C26-BE8C-AEA7A03EDDE6}.Staging|Mixed Platforms.ActiveCfg = Staging|x86
		{2BAEA659-8CF9-4C26-BE8C-AEA7A03EDDE6}.Staging|Mixed Platforms.Build.0 = Staging|x86
		{2BAEA659-8CF9-4C26-BE8C-AEA7A03EDDE6}.Staging|x86.ActiveCfg = Staging|x86
		{2BAEA659-8CF9-4C26-BE8C-AEA7A03EDDE6}.Staging|x86.Build.0 = Staging|x86
		{CF757763-8C43-4423-99B6-17987DB94C20}.Debug|Any CPU.ActiveCfg = Debug|Any CPU
		{CF757763-8C43-4423-99B6-17987DB94C20}.Debug|Any CPU.Build.0 = Debug|Any CPU
		{CF757763-8C43-4423-99B6-17987DB94C20}.Debug|Mixed Platforms.ActiveCfg = Debug|Any CPU
		{CF757763-8C43-4423-99B6-17987DB94C20}.Debug|Mixed Platforms.Build.0 = Debug|Any CPU
		{CF757763-8C43-4423-99B6-17987DB94C20}.Debug|x86.ActiveCfg = Debug|Any CPU
		{CF757763-8C43-4423-99B6-17987DB94C20}.Development_dmin|Any CPU.ActiveCfg = Debug|Any CPU
		{CF757763-8C43-4423-99B6-17987DB94C20}.Development_dmin|Any CPU.Build.0 = Debug|Any CPU
		{CF757763-8C43-4423-99B6-17987DB94C20}.Development_dmin|Mixed Platforms.ActiveCfg = Debug|Any CPU
		{CF757763-8C43-4423-99B6-17987DB94C20}.Development_dmin|Mixed Platforms.Build.0 = Debug|Any CPU
		{CF757763-8C43-4423-99B6-17987DB94C20}.Development_dmin|x86.ActiveCfg = Debug|Any CPU
		{CF757763-8C43-4423-99B6-17987DB94C20}.Development|Any CPU.ActiveCfg = Debug|Any CPU
		{CF757763-8C43-4423-99B6-17987DB94C20}.Development|Any CPU.Build.0 = Debug|Any CPU
		{CF757763-8C43-4423-99B6-17987DB94C20}.Development|Mixed Platforms.ActiveCfg = Debug|Any CPU
		{CF757763-8C43-4423-99B6-17987DB94C20}.Development|Mixed Platforms.Build.0 = Debug|Any CPU
		{CF757763-8C43-4423-99B6-17987DB94C20}.Development|x86.ActiveCfg = Debug|Any CPU
		{CF757763-8C43-4423-99B6-17987DB94C20}.Production|Any CPU.ActiveCfg = Release|Any CPU
		{CF757763-8C43-4423-99B6-17987DB94C20}.Production|Any CPU.Build.0 = Release|Any CPU
		{CF757763-8C43-4423-99B6-17987DB94C20}.Production|Mixed Platforms.ActiveCfg = Release|Any CPU
		{CF757763-8C43-4423-99B6-17987DB94C20}.Production|Mixed Platforms.Build.0 = Release|Any CPU
		{CF757763-8C43-4423-99B6-17987DB94C20}.Production|x86.ActiveCfg = Release|Any CPU
		{CF757763-8C43-4423-99B6-17987DB94C20}.Release|Any CPU.ActiveCfg = Release|Any CPU
		{CF757763-8C43-4423-99B6-17987DB94C20}.Release|Any CPU.Build.0 = Release|Any CPU
		{CF757763-8C43-4423-99B6-17987DB94C20}.Release|Mixed Platforms.ActiveCfg = Release|Any CPU
		{CF757763-8C43-4423-99B6-17987DB94C20}.Release|Mixed Platforms.Build.0 = Release|Any CPU
		{CF757763-8C43-4423-99B6-17987DB94C20}.Release|x86.ActiveCfg = Release|Any CPU
		{CF757763-8C43-4423-99B6-17987DB94C20}.Staging|Any CPU.ActiveCfg = Release|Any CPU
		{CF757763-8C43-4423-99B6-17987DB94C20}.Staging|Any CPU.Build.0 = Release|Any CPU
		{CF757763-8C43-4423-99B6-17987DB94C20}.Staging|Mixed Platforms.ActiveCfg = Release|Any CPU
		{CF757763-8C43-4423-99B6-17987DB94C20}.Staging|Mixed Platforms.Build.0 = Release|Any CPU
		{CF757763-8C43-4423-99B6-17987DB94C20}.Staging|x86.ActiveCfg = Release|Any CPU
		{C970EB0A-8985-48D6-A453-F955C6F00FD9}.Debug|Any CPU.ActiveCfg = Debug|Any CPU
		{C970EB0A-8985-48D6-A453-F955C6F00FD9}.Debug|Any CPU.Build.0 = Debug|Any CPU
		{C970EB0A-8985-48D6-A453-F955C6F00FD9}.Debug|Mixed Platforms.ActiveCfg = Debug|Any CPU
		{C970EB0A-8985-48D6-A453-F955C6F00FD9}.Debug|Mixed Platforms.Build.0 = Debug|Any CPU
		{C970EB0A-8985-48D6-A453-F955C6F00FD9}.Debug|x86.ActiveCfg = Debug|Any CPU
		{C970EB0A-8985-48D6-A453-F955C6F00FD9}.Development_dmin|Any CPU.ActiveCfg = Development_dmin|Any CPU
		{C970EB0A-8985-48D6-A453-F955C6F00FD9}.Development_dmin|Any CPU.Build.0 = Development_dmin|Any CPU
		{C970EB0A-8985-48D6-A453-F955C6F00FD9}.Development_dmin|Mixed Platforms.ActiveCfg = Development_dmin|Any CPU
		{C970EB0A-8985-48D6-A453-F955C6F00FD9}.Development_dmin|Mixed Platforms.Build.0 = Development_dmin|Any CPU
		{C970EB0A-8985-48D6-A453-F955C6F00FD9}.Development_dmin|x86.ActiveCfg = Development_dmin|Any CPU
		{C970EB0A-8985-48D6-A453-F955C6F00FD9}.Development|Any CPU.ActiveCfg = Development|Any CPU
		{C970EB0A-8985-48D6-A453-F955C6F00FD9}.Development|Any CPU.Build.0 = Development|Any CPU
		{C970EB0A-8985-48D6-A453-F955C6F00FD9}.Development|Mixed Platforms.ActiveCfg = Development|Any CPU
		{C970EB0A-8985-48D6-A453-F955C6F00FD9}.Development|Mixed Platforms.Build.0 = Development|Any CPU
		{C970EB0A-8985-48D6-A453-F955C6F00FD9}.Development|x86.ActiveCfg = Development|Any CPU
		{C970EB0A-8985-48D6-A453-F955C6F00FD9}.Production|Any CPU.ActiveCfg = Production|Any CPU
		{C970EB0A-8985-48D6-A453-F955C6F00FD9}.Production|Any CPU.Build.0 = Production|Any CPU
		{C970EB0A-8985-48D6-A453-F955C6F00FD9}.Production|Mixed Platforms.ActiveCfg = Production|Any CPU
		{C970EB0A-8985-48D6-A453-F955C6F00FD9}.Production|Mixed Platforms.Build.0 = Production|Any CPU
		{C970EB0A-8985-48D6-A453-F955C6F00FD9}.Production|x86.ActiveCfg = Production|Any CPU
		{C970EB0A-8985-48D6-A453-F955C6F00FD9}.Release|Any CPU.ActiveCfg = Release|Any CPU
		{C970EB0A-8985-48D6-A453-F955C6F00FD9}.Release|Any CPU.Build.0 = Release|Any CPU
		{C970EB0A-8985-48D6-A453-F955C6F00FD9}.Release|Mixed Platforms.ActiveCfg = Release|Any CPU
		{C970EB0A-8985-48D6-A453-F955C6F00FD9}.Release|Mixed Platforms.Build.0 = Release|Any CPU
		{C970EB0A-8985-48D6-A453-F955C6F00FD9}.Release|x86.ActiveCfg = Release|Any CPU
		{C970EB0A-8985-48D6-A453-F955C6F00FD9}.Staging|Any CPU.ActiveCfg = Staging|Any CPU
		{C970EB0A-8985-48D6-A453-F955C6F00FD9}.Staging|Any CPU.Build.0 = Staging|Any CPU
		{C970EB0A-8985-48D6-A453-F955C6F00FD9}.Staging|Mixed Platforms.ActiveCfg = Staging|Any CPU
		{C970EB0A-8985-48D6-A453-F955C6F00FD9}.Staging|Mixed Platforms.Build.0 = Staging|Any CPU
		{C970EB0A-8985-48D6-A453-F955C6F00FD9}.Staging|x86.ActiveCfg = Staging|Any CPU
		{8113D343-7A89-4EE6-B024-6C128B78380B}.Debug|Any CPU.ActiveCfg = Debug|Any CPU
		{8113D343-7A89-4EE6-B024-6C128B78380B}.Debug|Any CPU.Build.0 = Debug|Any CPU
		{8113D343-7A89-4EE6-B024-6C128B78380B}.Debug|Mixed Platforms.ActiveCfg = Debug|Any CPU
		{8113D343-7A89-4EE6-B024-6C128B78380B}.Debug|Mixed Platforms.Build.0 = Debug|Any CPU
		{8113D343-7A89-4EE6-B024-6C128B78380B}.Debug|x86.ActiveCfg = Debug|Any CPU
		{8113D343-7A89-4EE6-B024-6C128B78380B}.Development_dmin|Any CPU.ActiveCfg = Debug|Any CPU
		{8113D343-7A89-4EE6-B024-6C128B78380B}.Development_dmin|Any CPU.Build.0 = Debug|Any CPU
		{8113D343-7A89-4EE6-B024-6C128B78380B}.Development_dmin|Mixed Platforms.ActiveCfg = Debug|Any CPU
		{8113D343-7A89-4EE6-B024-6C128B78380B}.Development_dmin|Mixed Platforms.Build.0 = Debug|Any CPU
		{8113D343-7A89-4EE6-B024-6C128B78380B}.Development_dmin|x86.ActiveCfg = Debug|Any CPU
		{8113D343-7A89-4EE6-B024-6C128B78380B}.Development|Any CPU.ActiveCfg = Debug|Any CPU
		{8113D343-7A89-4EE6-B024-6C128B78380B}.Development|Any CPU.Build.0 = Debug|Any CPU
		{8113D343-7A89-4EE6-B024-6C128B78380B}.Development|Mixed Platforms.ActiveCfg = Debug|Any CPU
		{8113D343-7A89-4EE6-B024-6C128B78380B}.Development|Mixed Platforms.Build.0 = Debug|Any CPU
		{8113D343-7A89-4EE6-B024-6C128B78380B}.Development|x86.ActiveCfg = Debug|Any CPU
		{8113D343-7A89-4EE6-B024-6C128B78380B}.Production|Any CPU.ActiveCfg = Release|Any CPU
		{8113D343-7A89-4EE6-B024-6C128B78380B}.Production|Any CPU.Build.0 = Release|Any CPU
		{8113D343-7A89-4EE6-B024-6C128B78380B}.Production|Mixed Platforms.ActiveCfg = Release|Any CPU
		{8113D343-7A89-4EE6-B024-6C128B78380B}.Production|Mixed Platforms.Build.0 = Release|Any CPU
		{8113D343-7A89-4EE6-B024-6C128B78380B}.Production|x86.ActiveCfg = Release|Any CPU
		{8113D343-7A89-4EE6-B024-6C128B78380B}.Release|Any CPU.ActiveCfg = Release|Any CPU
		{8113D343-7A89-4EE6-B024-6C128B78380B}.Release|Any CPU.Build.0 = Release|Any CPU
		{8113D343-7A89-4EE6-B024-6C128B78380B}.Release|Mixed Platforms.ActiveCfg = Release|Any CPU
		{8113D343-7A89-4EE6-B024-6C128B78380B}.Release|Mixed Platforms.Build.0 = Release|Any CPU
		{8113D343-7A89-4EE6-B024-6C128B78380B}.Release|x86.ActiveCfg = Release|Any CPU
		{8113D343-7A89-4EE6-B024-6C128B78380B}.Staging|Any CPU.ActiveCfg = Release|Any CPU
		{8113D343-7A89-4EE6-B024-6C128B78380B}.Staging|Any CPU.Build.0 = Release|Any CPU
		{8113D343-7A89-4EE6-B024-6C128B78380B}.Staging|Mixed Platforms.ActiveCfg = Release|Any CPU
		{8113D343-7A89-4EE6-B024-6C128B78380B}.Staging|Mixed Platforms.Build.0 = Release|Any CPU
		{8113D343-7A89-4EE6-B024-6C128B78380B}.Staging|x86.ActiveCfg = Release|Any CPU
		{2835FDBA-96BA-4D5C-850D-A909BB12F4E3}.Debug|Any CPU.ActiveCfg = Debug|Any CPU
		{2835FDBA-96BA-4D5C-850D-A909BB12F4E3}.Debug|Any CPU.Build.0 = Debug|Any CPU
		{2835FDBA-96BA-4D5C-850D-A909BB12F4E3}.Debug|Mixed Platforms.ActiveCfg = Debug|Any CPU
		{2835FDBA-96BA-4D5C-850D-A909BB12F4E3}.Debug|Mixed Platforms.Build.0 = Debug|Any CPU
		{2835FDBA-96BA-4D5C-850D-A909BB12F4E3}.Debug|x86.ActiveCfg = Debug|Any CPU
		{2835FDBA-96BA-4D5C-850D-A909BB12F4E3}.Development_dmin|Any CPU.ActiveCfg = Debug|Any CPU
		{2835FDBA-96BA-4D5C-850D-A909BB12F4E3}.Development_dmin|Any CPU.Build.0 = Debug|Any CPU
		{2835FDBA-96BA-4D5C-850D-A909BB12F4E3}.Development_dmin|Mixed Platforms.ActiveCfg = Debug|Any CPU
		{2835FDBA-96BA-4D5C-850D-A909BB12F4E3}.Development_dmin|Mixed Platforms.Build.0 = Debug|Any CPU
		{2835FDBA-96BA-4D5C-850D-A909BB12F4E3}.Development_dmin|x86.ActiveCfg = Debug|Any CPU
		{2835FDBA-96BA-4D5C-850D-A909BB12F4E3}.Development|Any CPU.ActiveCfg = Debug|Any CPU
		{2835FDBA-96BA-4D5C-850D-A909BB12F4E3}.Development|Any CPU.Build.0 = Debug|Any CPU
		{2835FDBA-96BA-4D5C-850D-A909BB12F4E3}.Development|Mixed Platforms.ActiveCfg = Debug|Any CPU
		{2835FDBA-96BA-4D5C-850D-A909BB12F4E3}.Development|Mixed Platforms.Build.0 = Debug|Any CPU
		{2835FDBA-96BA-4D5C-850D-A909BB12F4E3}.Development|x86.ActiveCfg = Debug|Any CPU
		{2835FDBA-96BA-4D5C-850D-A909BB12F4E3}.Production|Any CPU.ActiveCfg = Release|Any CPU
		{2835FDBA-96BA-4D5C-850D-A909BB12F4E3}.Production|Any CPU.Build.0 = Release|Any CPU
		{2835FDBA-96BA-4D5C-850D-A909BB12F4E3}.Production|Mixed Platforms.ActiveCfg = Release|Any CPU
		{2835FDBA-96BA-4D5C-850D-A909BB12F4E3}.Production|Mixed Platforms.Build.0 = Release|Any CPU
		{2835FDBA-96BA-4D5C-850D-A909BB12F4E3}.Production|x86.ActiveCfg = Release|Any CPU
		{2835FDBA-96BA-4D5C-850D-A909BB12F4E3}.Release|Any CPU.ActiveCfg = Release|Any CPU
		{2835FDBA-96BA-4D5C-850D-A909BB12F4E3}.Release|Any CPU.Build.0 = Release|Any CPU
		{2835FDBA-96BA-4D5C-850D-A909BB12F4E3}.Release|Mixed Platforms.ActiveCfg = Release|Any CPU
		{2835FDBA-96BA-4D5C-850D-A909BB12F4E3}.Release|Mixed Platforms.Build.0 = Release|Any CPU
		{2835FDBA-96BA-4D5C-850D-A909BB12F4E3}.Release|x86.ActiveCfg = Release|Any CPU
		{2835FDBA-96BA-4D5C-850D-A909BB12F4E3}.Staging|Any CPU.ActiveCfg = Release|Any CPU
		{2835FDBA-96BA-4D5C-850D-A909BB12F4E3}.Staging|Any CPU.Build.0 = Release|Any CPU
		{2835FDBA-96BA-4D5C-850D-A909BB12F4E3}.Staging|Mixed Platforms.ActiveCfg = Release|Any CPU
		{2835FDBA-96BA-4D5C-850D-A909BB12F4E3}.Staging|Mixed Platforms.Build.0 = Release|Any CPU
		{2835FDBA-96BA-4D5C-850D-A909BB12F4E3}.Staging|x86.ActiveCfg = Release|Any CPU
		{E107BBBD-CAB3-4B09-9A48-8437775786A8}.Debug|Any CPU.ActiveCfg = Debug|Any CPU
		{E107BBBD-CAB3-4B09-9A48-8437775786A8}.Debug|Any CPU.Build.0 = Debug|Any CPU
		{E107BBBD-CAB3-4B09-9A48-8437775786A8}.Debug|Mixed Platforms.ActiveCfg = Debug|Any CPU
		{E107BBBD-CAB3-4B09-9A48-8437775786A8}.Debug|Mixed Platforms.Build.0 = Debug|Any CPU
		{E107BBBD-CAB3-4B09-9A48-8437775786A8}.Debug|x86.ActiveCfg = Debug|Any CPU
		{E107BBBD-CAB3-4B09-9A48-8437775786A8}.Development_dmin|Any CPU.ActiveCfg = Debug|Any CPU
		{E107BBBD-CAB3-4B09-9A48-8437775786A8}.Development_dmin|Any CPU.Build.0 = Debug|Any CPU
		{E107BBBD-CAB3-4B09-9A48-8437775786A8}.Development_dmin|Mixed Platforms.ActiveCfg = Debug|Any CPU
		{E107BBBD-CAB3-4B09-9A48-8437775786A8}.Development_dmin|Mixed Platforms.Build.0 = Debug|Any CPU
		{E107BBBD-CAB3-4B09-9A48-8437775786A8}.Development_dmin|x86.ActiveCfg = Debug|Any CPU
		{E107BBBD-CAB3-4B09-9A48-8437775786A8}.Development|Any CPU.ActiveCfg = Debug|Any CPU
		{E107BBBD-CAB3-4B09-9A48-8437775786A8}.Development|Any CPU.Build.0 = Debug|Any CPU
		{E107BBBD-CAB3-4B09-9A48-8437775786A8}.Development|Mixed Platforms.ActiveCfg = Debug|Any CPU
		{E107BBBD-CAB3-4B09-9A48-8437775786A8}.Development|Mixed Platforms.Build.0 = Debug|Any CPU
		{E107BBBD-CAB3-4B09-9A48-8437775786A8}.Development|x86.ActiveCfg = Debug|Any CPU
		{E107BBBD-CAB3-4B09-9A48-8437775786A8}.Production|Any CPU.ActiveCfg = Release|Any CPU
		{E107BBBD-CAB3-4B09-9A48-8437775786A8}.Production|Any CPU.Build.0 = Release|Any CPU
		{E107BBBD-CAB3-4B09-9A48-8437775786A8}.Production|Mixed Platforms.ActiveCfg = Release|Any CPU
		{E107BBBD-CAB3-4B09-9A48-8437775786A8}.Production|Mixed Platforms.Build.0 = Release|Any CPU
		{E107BBBD-CAB3-4B09-9A48-8437775786A8}.Production|x86.ActiveCfg = Release|Any CPU
		{E107BBBD-CAB3-4B09-9A48-8437775786A8}.Release|Any CPU.ActiveCfg = Release|Any CPU
		{E107BBBD-CAB3-4B09-9A48-8437775786A8}.Release|Any CPU.Build.0 = Release|Any CPU
		{E107BBBD-CAB3-4B09-9A48-8437775786A8}.Release|Mixed Platforms.ActiveCfg = Release|Any CPU
		{E107BBBD-CAB3-4B09-9A48-8437775786A8}.Release|Mixed Platforms.Build.0 = Release|Any CPU
		{E107BBBD-CAB3-4B09-9A48-8437775786A8}.Release|x86.ActiveCfg = Release|Any CPU
		{E107BBBD-CAB3-4B09-9A48-8437775786A8}.Staging|Any CPU.ActiveCfg = Release|Any CPU
		{E107BBBD-CAB3-4B09-9A48-8437775786A8}.Staging|Any CPU.Build.0 = Release|Any CPU
		{E107BBBD-CAB3-4B09-9A48-8437775786A8}.Staging|Mixed Platforms.ActiveCfg = Release|Any CPU
		{E107BBBD-CAB3-4B09-9A48-8437775786A8}.Staging|Mixed Platforms.Build.0 = Release|Any CPU
		{E107BBBD-CAB3-4B09-9A48-8437775786A8}.Staging|x86.ActiveCfg = Release|Any CPU
		{797B3A56-8C40-497B-9D85-65C68F3B47D3}.Debug|Any CPU.ActiveCfg = Debug|Any CPU
		{797B3A56-8C40-497B-9D85-65C68F3B47D3}.Debug|Any CPU.Build.0 = Debug|Any CPU
		{797B3A56-8C40-497B-9D85-65C68F3B47D3}.Debug|Mixed Platforms.ActiveCfg = Debug|Any CPU
		{797B3A56-8C40-497B-9D85-65C68F3B47D3}.Debug|Mixed Platforms.Build.0 = Debug|Any CPU
		{797B3A56-8C40-497B-9D85-65C68F3B47D3}.Debug|x86.ActiveCfg = Debug|Any CPU
		{797B3A56-8C40-497B-9D85-65C68F3B47D3}.Development_dmin|Any CPU.ActiveCfg = Debug|Any CPU
		{797B3A56-8C40-497B-9D85-65C68F3B47D3}.Development_dmin|Any CPU.Build.0 = Debug|Any CPU
		{797B3A56-8C40-497B-9D85-65C68F3B47D3}.Development_dmin|Mixed Platforms.ActiveCfg = Debug|Any CPU
		{797B3A56-8C40-497B-9D85-65C68F3B47D3}.Development_dmin|Mixed Platforms.Build.0 = Debug|Any CPU
		{797B3A56-8C40-497B-9D85-65C68F3B47D3}.Development_dmin|x86.ActiveCfg = Debug|Any CPU
		{797B3A56-8C40-497B-9D85-65C68F3B47D3}.Development|Any CPU.ActiveCfg = Debug|Any CPU
		{797B3A56-8C40-497B-9D85-65C68F3B47D3}.Development|Any CPU.Build.0 = Debug|Any CPU
		{797B3A56-8C40-497B-9D85-65C68F3B47D3}.Development|Mixed Platforms.ActiveCfg = Debug|Any CPU
		{797B3A56-8C40-497B-9D85-65C68F3B47D3}.Development|Mixed Platforms.Build.0 = Debug|Any CPU
		{797B3A56-8C40-497B-9D85-65C68F3B47D3}.Development|x86.ActiveCfg = Debug|Any CPU
		{797B3A56-8C40-497B-9D85-65C68F3B47D3}.Production|Any CPU.ActiveCfg = Release|Any CPU
		{797B3A56-8C40-497B-9D85-65C68F3B47D3}.Production|Any CPU.Build.0 = Release|Any CPU
		{797B3A56-8C40-497B-9D85-65C68F3B47D3}.Production|Mixed Platforms.ActiveCfg = Release|Any CPU
		{797B3A56-8C40-497B-9D85-65C68F3B47D3}.Production|Mixed Platforms.Build.0 = Release|Any CPU
		{797B3A56-8C40-497B-9D85-65C68F3B47D3}.Production|x86.ActiveCfg = Release|Any CPU
		{797B3A56-8C40-497B-9D85-65C68F3B47D3}.Release|Any CPU.ActiveCfg = Release|Any CPU
		{797B3A56-8C40-497B-9D85-65C68F3B47D3}.Release|Any CPU.Build.0 = Release|Any CPU
		{797B3A56-8C40-497B-9D85-65C68F3B47D3}.Release|Mixed Platforms.ActiveCfg = Release|Any CPU
		{797B3A56-8C40-497B-9D85-65C68F3B47D3}.Release|Mixed Platforms.Build.0 = Release|Any CPU
		{797B3A56-8C40-497B-9D85-65C68F3B47D3}.Release|x86.ActiveCfg = Release|Any CPU
		{797B3A56-8C40-497B-9D85-65C68F3B47D3}.Staging|Any CPU.ActiveCfg = Release|Any CPU
		{797B3A56-8C40-497B-9D85-65C68F3B47D3}.Staging|Any CPU.Build.0 = Release|Any CPU
		{797B3A56-8C40-497B-9D85-65C68F3B47D3}.Staging|Mixed Platforms.ActiveCfg = Release|Any CPU
		{797B3A56-8C40-497B-9D85-65C68F3B47D3}.Staging|Mixed Platforms.Build.0 = Release|Any CPU
		{797B3A56-8C40-497B-9D85-65C68F3B47D3}.Staging|x86.ActiveCfg = Release|Any CPU
	EndGlobalSection
	GlobalSection(SolutionProperties) = preSolution
		HideSolutionNode = FALSE
	EndGlobalSection
EndGlobal
